Microsoft Visual Studio Solution File, Format Version 12.00
# Visual Studio Version 17
VisualStudioVersion = 17.5.2.0
MinimumVisualStudioVersion = 10.0.40219.1
Project("{FAE04EC0-301F-11D3-BF4B-00C04F79EFBC}") = "DotNetJourney", "DotNetJourney.csproj", "{5756716C-367A-289F-18FF-29F47D155628}"
EndProject
Global
	GlobalSection(SolutionConfigurationPlatforms) = preSolution
		Debug|Any CPU = Debug|Any CPU
		Release|Any CPU = Release|Any CPU
	EndGlobalSection
	GlobalSection(ProjectConfigurationPlatforms) = postSolution
		{5756716C-367A-289F-18FF-29F47D155628}.Debug|Any CPU.ActiveCfg = Debug|Any CPU
		{5756716C-367A-289F-18FF-29F47D155628}.Debug|Any CPU.Build.0 = Debug|Any CPU
		{5756716C-367A-289F-18FF-29F47D155628}.Release|Any CPU.ActiveCfg = Release|Any CPU
		{5756716C-367A-289F-18FF-29F47D155628}.Release|Any CPU.Build.0 = Release|Any CPU
	EndGlobalSection
	GlobalSection(SolutionProperties) = preSolution
		HideSolutionNode = FALSE
	EndGlobalSection
	GlobalSection(ExtensibilityGlobals) = postSolution
		SolutionGuid = {52C17936-E613-4F97-B043-527E8B3AAB7F}
	EndGlobalSection
EndGlobal
